
Microsoft Visual Studio Solution File, Format Version 12.00
# Visual Studio Version 18
VisualStudioVersion = 18.10.12210.168 stable
MinimumVisualStudioVersion = 10.0.40219.1
Project("{2150E333-8FDC-42A3-9474-1A3956D46DE8}") = "Gfx", "Gfx", "{BA482372-2F82-4E0F-B754-1896BB13EC98}"
EndProject
Project("{2150E333-8FDC-42A3-9474-1A3956D46DE8}") = "Phy", "Phy", "{ADD39EE9-7B67-4AF2-9BC1-4094B4A87EA9}"
EndProject
Project("{2150E333-8FDC-42A3-9474-1A3956D46DE8}") = "Core", "Core", "{B226AECC-F132-45DE-91BA-0F4D8BD3989A}"
EndProject
Project("{2150E333-8FDC-42A3-9474-1A3956D46DE8}") = "Sfx", "Sfx", "{A8722C01-2956-4313-AFBD-490CAEF8F175}"
EndProject
Project("{FAE04EC0-301F-11D3-BF4B-00C04F79EFBC}") = "OpenX.Gfx", "Gfx\OpenX.Gfx\OpenX.Gfx.csproj", "{FDD14214-370D-64A1-F1A1-70949F7BB095}"
EndProject
Project("{FAE04EC0-301F-11D3-BF4B-00C04F79EFBC}") = "OpenX.GfxTests", "Gfx\OpenX.GfxTests\OpenX.GfxTests.csproj", "{A5AF35CE-3456-1D14-6B38-1FE977A27C72}"
EndProject
Project("{FAE04EC0-301F-11D3-BF4B-00C04F79EFBC}") = "OpenX.Sfx", "Sfx\OpenX.Sfx\OpenX.Sfx.csproj", "{4185D283-CDEA-11CA-2707-E435947ABD72}"
EndProject
Project("{FAE04EC0-301F-11D3-BF4B-00C04F79EFBC}") = "OpenX.Gfx.Egin", "Gfx\OpenX.Gfx.Egin\OpenX.Gfx.Egin.csproj", "{56AD61FF-9CE9-7739-1E91-69E0249D899C}"
EndProject
Project("{FAE04EC0-301F-11D3-BF4B-00C04F79EFBC}") = "OpenX.Sfx.Al", "Sfx\OpenX.Sfx.Al\OpenX.Sfx.Al.csproj", "{FAE65D89-597E-7AAB-3EED-EC947EC900BF}"
EndProject
Project("{FAE04EC0-301F-11D3-BF4B-00C04F79EFBC}") = "OpenX.Sfx.Ogg", "Sfx\OpenX.Sfx.Ogg\OpenX.Sfx.Ogg.csproj", "{0841B6EC-63C1-7AFD-1B60-BEA96F276893}"
EndProject
Project("{FAE04EC0-301F-11D3-BF4B-00C04F79EFBC}") = "OpenX.SfxTests", "Sfx\OpenX.SfxTests\OpenX.SfxTests.csproj", "{57BFFBB6-C0DA-7AFA-AB8B-4E519C2B5EF9}"
EndProject
Project("{FAE04EC0-301F-11D3-BF4B-00C04F79EFBC}") = "OpenX.Gfx.Other", "Gfx\OpenX.Gfx.Other\OpenX.Gfx.Other.csproj", "{1F137DA2-8FDB-2D0D-10A1-21AA846B7205}"
EndProject
Project("{2150E333-8FDC-42A3-9474-1A3956D46DE8}") = "Img", "Img", "{02EA681E-C7D8-13C7-8484-4AC65E1B71E8}"
EndProject
Project("{FAE04EC0-301F-11D3-BF4B-00C04F79EFBC}") = "OpenX.Img", "Img\OpenX.Img\OpenX.Img.csproj", "{D80D38AB-788A-7589-FC0A-A24871D94106}"
EndProject
Project("{FAE04EC0-301F-11D3-BF4B-00C04F79EFBC}") = "OpenX", "Core\OpenX\OpenX.csproj", "{5A49FA5B-163B-26DD-7E10-74A754D05BF2}"
EndProject
Project("{2150E333-8FDC-42A3-9474-1A3956D46DE8}") = "Engines", "Engines", "{91E5E8D3-B59D-4E4F-AC51-7799EE7AC412}"
EndProject
Project("{FAE04EC0-301F-11D3-BF4B-00C04F79EFBC}") = "OpenX.Engine.Godot", "Engines\OpenX.Engine.Godot\OpenX.Engine.Godot.csproj", "{0F0CF377-C96C-1797-6C5C-2CFF7144AD34}"
EndProject
Project("{2150E333-8FDC-42A3-9474-1A3956D46DE8}") = "Aix", "Aix", "{1EF7951A-DC58-4022-A175-020B8D2C1978}"
EndProject
Project("{FAE04EC0-301F-11D3-BF4B-00C04F79EFBC}") = "OpenX.Aix", "Aix\OpenX.Aix\OpenX.Aix.csproj", "{6F3F43A8-CEDC-1DCC-EEF0-D5D710F8800A}"
EndProject
Project("{FAE04EC0-301F-11D3-BF4B-00C04F79EFBC}") = "OpenX.AixTests", "Aix\OpenX.AixTests\OpenX.AixTests.csproj", "{B04E5965-81D3-F02F-8F69-EC81574916FD}"
EndProject
Project("{FAE04EC0-301F-11D3-BF4B-00C04F79EFBC}") = "OpenX.Phy", "Phy\OpenX.Phy\OpenX.Phy.csproj", "{86518ECD-F84F-A108-22C6-122C4633161C}"
EndProject
Project("{FAE04EC0-301F-11D3-BF4B-00C04F79EFBC}") = "OpenX.PhyTests", "Phy\OpenX.PhyTests\OpenX.PhyTests.csproj", "{3CAD33B8-2652-679A-5F39-7AA14323AFAC}"
EndProject
Project("{FAE04EC0-301F-11D3-BF4B-00C04F79EFBC}") = "OpenX.Engine.O3de", "Engines\OpenX.Engine.O3de\OpenX.Engine.O3de.csproj", "{91F24DCA-D93A-5842-522C-D0D2FCCF65F3}"
EndProject
Project("{FAE04EC0-301F-11D3-BF4B-00C04F79EFBC}") = "OpenX.Engine.Ogre", "Engines\OpenX.Engine.Ogre\OpenX.Engine.Ogre.csproj", "{195FC3F3-C708-4259-908B-AC632E55A3AB}"
EndProject
Project("{FAE04EC0-301F-11D3-BF4B-00C04F79EFBC}") = "OpenX.Engine.OpenGL", "Engines\OpenX.Engine.OpenGL\OpenX.Engine.OpenGL.csproj", "{EF77770A-C7B2-E3AA-DFA7-7B7331E05560}"
EndProject
Project("{FAE04EC0-301F-11D3-BF4B-00C04F79EFBC}") = "OpenX.Engine.Sdl", "Engines\OpenX.Engine.Sdl\OpenX.Engine.Sdl.csproj", "{99235B85-F911-E17E-07D0-2225DE40635E}"
EndProject
Project("{FAE04EC0-301F-11D3-BF4B-00C04F79EFBC}") = "OpenX.Engine.Stride", "Engines\OpenX.Engine.Stride\OpenX.Engine.Stride.csproj", "{EB6352E2-4A2E-9487-32D7-E76DBF2F18E8}"
EndProject
Project("{FAE04EC0-301F-11D3-BF4B-00C04F79EFBC}") = "OpenX.EngineTests", "Engines\OpenX.EngineTests\OpenX.EngineTests.csproj", "{ADF6D7A3-AF3F-0062-7053-E7232097FEEF}"
EndProject
Project("{FAE04EC0-301F-11D3-BF4B-00C04F79EFBC}") = "OpenX.Engine.Unity", "Engines\OpenX.Engine.Unity\OpenX.Engine.Unity.csproj", "{E74BBCB0-355D-A15B-899B-3B8998B73C44}"
EndProject
Project("{FAE04EC0-301F-11D3-BF4B-00C04F79EFBC}") = "OpenX.Engine.Unreal", "Engines\OpenX.Engine.Unreal\OpenX.Engine.Unreal.csproj", "{C9DB3760-D0CB-D426-EE40-0305218E08BC}"
EndProject
Project("{FAE04EC0-301F-11D3-BF4B-00C04F79EFBC}") = "OpenX.Wpf.Control", "Engines\OpenX.Wpf.Control\OpenX.Wpf.Control.csproj", "{43D02D6D-0C2C-966F-C2DC-2F10F761232D}"
EndProject
Project("{FAE04EC0-301F-11D3-BF4B-00C04F79EFBC}") = "OpenX.Wpf.Stride", "Engines\OpenX.Wpf.Stride\OpenX.Wpf.Stride.csproj", "{4B2788B3-0CBE-1F19-4DCA-F307FFB6BD77}"
EndProject
Project("{FAE04EC0-301F-11D3-BF4B-00C04F79EFBC}") = "OpenX.Program", "Core\OpenX.Program\OpenX.Program.csproj", "{85375ECE-E3C7-602D-3934-CF520671D191}"
EndProject
Project("{2150E333-8FDC-42A3-9474-1A3956D46DE8}") = "Vfx", "Vfx", "{7970C7EF-0F1F-424F-B445-DA38D3209976}"
EndProject
Project("{FAE04EC0-301F-11D3-BF4B-00C04F79EFBC}") = "OpenX.Vfx", "Vfx\OpenX.Vfx\OpenX.Vfx.csproj", "{85F742F9-AAE3-8C1D-DBC5-E5DFB6C45075}"
EndProject
Project("{FAE04EC0-301F-11D3-BF4B-00C04F79EFBC}") = "OpenX.Vfx.Program", "Vfx\OpenX.Vfx.Program\OpenX.Vfx.Program.csproj", "{A6513AB1-0ED3-2648-4732-DF540CEBADA0}"
EndProject
Project("{FAE04EC0-301F-11D3-BF4B-00C04F79EFBC}") = "OpenX.Poly", "Core\OpenX.Poly\OpenX.Poly.csproj", "{C9EA0B39-653D-1666-1FFB-03F7A42FA1B6}"
EndProject
Project("{FAE04EC0-301F-11D3-BF4B-00C04F79EFBC}") = "OpenX.PolyTests", "Core\OpenX.PolyTests\OpenX.PolyTests.csproj", "{0578E8F1-8B0B-8548-52C7-718F05D187A8}"
EndProject
Global
	GlobalSection(SolutionConfigurationPlatforms) = preSolution
		Debug|Any CPU = Debug|Any CPU
		Release|Any CPU = Release|Any CPU
	EndGlobalSection
	GlobalSection(ProjectConfigurationPlatforms) = postSolution
		{FDD14214-370D-64A1-F1A1-70949F7BB095}.Debug|Any CPU.ActiveCfg = Debug|Any CPU
		{FDD14214-370D-64A1-F1A1-70949F7BB095}.Debug|Any CPU.Build.0 = Debug|Any CPU
		{FDD14214-370D-64A1-F1A1-70949F7BB095}.Release|Any CPU.ActiveCfg = Release|Any CPU
		{FDD14214-370D-64A1-F1A1-70949F7BB095}.Release|Any CPU.Build.0 = Release|Any CPU
		{A5AF35CE-3456-1D14-6B38-1FE977A27C72}.Debug|Any CPU.ActiveCfg = Debug|Any CPU
		{A5AF35CE-3456-1D14-6B38-1FE977A27C72}.Debug|Any CPU.Build.0 = Debug|Any CPU
		{A5AF35CE-3456-1D14-6B38-1FE977A27C72}.Release|Any CPU.ActiveCfg = Release|Any CPU
		{A5AF35CE-3456-1D14-6B38-1FE977A27C72}.Release|Any CPU.Build.0 = Release|Any CPU
		{4185D283-CDEA-11CA-2707-E435947ABD72}.Debug|Any CPU.ActiveCfg = Debug|Any CPU
		{4185D283-CDEA-11CA-2707-E435947ABD72}.Debug|Any CPU.Build.0 = Debug|Any CPU
		{4185D283-CDEA-11CA-2707-E435947ABD72}.Release|Any CPU.ActiveCfg = Release|Any CPU
		{4185D283-CDEA-11CA-2707-E435947ABD72}.Release|Any CPU.Build.0 = Release|Any CPU
		{56AD61FF-9CE9-7739-1E91-69E0249D899C}.Debug|Any CPU.ActiveCfg = Debug|Any CPU
		{56AD61FF-9CE9-7739-1E91-69E0249D899C}.Debug|Any CPU.Build.0 = Debug|Any CPU
		{56AD61FF-9CE9-7739-1E91-69E0249D899C}.Release|Any CPU.ActiveCfg = Release|Any CPU
		{56AD61FF-9CE9-7739-1E91-69E0249D899C}.Release|Any CPU.Build.0 = Release|Any CPU
		{FAE65D89-597E-7AAB-3EED-EC947EC900BF}.Debug|Any CPU.ActiveCfg = Debug|Any CPU
		{FAE65D89-597E-7AAB-3EED-EC947EC900BF}.Debug|Any CPU.Build.0 = Debug|Any CPU
		{FAE65D89-597E-7AAB-3EED-EC947EC900BF}.Release|Any CPU.ActiveCfg = Release|Any CPU
		{FAE65D89-597E-7AAB-3EED-EC947EC900BF}.Release|Any CPU.Build.0 = Release|Any CPU
		{0841B6EC-63C1-7AFD-1B60-BEA96F276893}.Debug|Any CPU.ActiveCfg = Debug|Any CPU
		{0841B6EC-63C1-7AFD-1B60-BEA96F276893}.Debug|Any CPU.Build.0 = Debug|Any CPU
		{0841B6EC-63C1-7AFD-1B60-BEA96F276893}.Release|Any CPU.ActiveCfg = Release|Any CPU
		{0841B6EC-63C1-7AFD-1B60-BEA96F276893}.Release|Any CPU.Build.0 = Release|Any CPU
		{57BFFBB6-C0DA-7AFA-AB8B-4E519C2B5EF9}.Debug|Any CPU.ActiveCfg = Debug|Any CPU
		{57BFFBB6-C0DA-7AFA-AB8B-4E519C2B5EF9}.Debug|Any CPU.Build.0 = Debug|Any CPU
		{57BFFBB6-C0DA-7AFA-AB8B-4E519C2B5EF9}.Release|Any CPU.ActiveCfg = Release|Any CPU
		{57BFFBB6-C0DA-7AFA-AB8B-4E519C2B5EF9}.Release|Any CPU.Build.0 = Release|Any CPU
		{1F137DA2-8FDB-2D0D-10A1-21AA846B7205}.Debug|Any CPU.ActiveCfg = Debug|Any CPU
		{1F137DA2-8FDB-2D0D-10A1-21AA846B7205}.Debug|Any CPU.Build.0 = Debug|Any CPU
		{1F137DA2-8FDB-2D0D-10A1-21AA846B7205}.Release|Any CPU.ActiveCfg = Release|Any CPU
		{1F137DA2-8FDB-2D0D-10A1-21AA846B7205}.Release|Any CPU.Build.0 = Release|Any CPU
		{D80D38AB-788A-7589-FC0A-A24871D94106}.Debug|Any CPU.ActiveCfg = Debug|Any CPU
		{D80D38AB-788A-7589-FC0A-A24871D94106}.Debug|Any CPU.Build.0 = Debug|Any CPU
		{D80D38AB-788A-7589-FC0A-A24871D94106}.Release|Any CPU.ActiveCfg = Release|Any CPU
		{D80D38AB-788A-7589-FC0A-A24871D94106}.Release|Any CPU.Build.0 = Release|Any CPU
		{5A49FA5B-163B-26DD-7E10-74A754D05BF2}.Debug|Any CPU.ActiveCfg = Debug|Any CPU
		{5A49FA5B-163B-26DD-7E10-74A754D05BF2}.Debug|Any CPU.Build.0 = Debug|Any CPU
		{5A49FA5B-163B-26DD-7E10-74A754D05BF2}.Release|Any CPU.ActiveCfg = Release|Any CPU
		{5A49FA5B-163B-26DD-7E10-74A754D05BF2}.Release|Any CPU.Build.0 = Release|Any CPU
		{0F0CF377-C96C-1797-6C5C-2CFF7144AD34}.Debug|Any CPU.ActiveCfg = Debug|Any CPU
		{0F0CF377-C96C-1797-6C5C-2CFF7144AD34}.Debug|Any CPU.Build.0 = Debug|Any CPU
		{0F0CF377-C96C-1797-6C5C-2CFF7144AD34}.Release|Any CPU.ActiveCfg = Release|Any CPU
		{0F0CF377-C96C-1797-6C5C-2CFF7144AD34}.Release|Any CPU.Build.0 = Release|Any CPU
		{6F3F43A8-CEDC-1DCC-EEF0-D5D710F8800A}.Debug|Any CPU.ActiveCfg = Debug|Any CPU
		{6F3F43A8-CEDC-1DCC-EEF0-D5D710F8800A}.Debug|Any CPU.Build.0 = Debug|Any CPU
		{6F3F43A8-CEDC-1DCC-EEF0-D5D710F8800A}.Release|Any CPU.ActiveCfg = Release|Any CPU
		{6F3F43A8-CEDC-1DCC-EEF0-D5D710F8800A}.Release|Any CPU.Build.0 = Release|Any CPU
		{B04E5965-81D3-F02F-8F69-EC81574916FD}.Debug|Any CPU.ActiveCfg = Debug|Any CPU
		{B04E5965-81D3-F02F-8F69-EC81574916FD}.Debug|Any CPU.Build.0 = Debug|Any CPU
		{B04E5965-81D3-F02F-8F69-EC81574916FD}.Release|Any CPU.ActiveCfg = Release|Any CPU
		{B04E5965-81D3-F02F-8F69-EC81574916FD}.Release|Any CPU.Build.0 = Release|Any CPU
		{86518ECD-F84F-A108-22C6-122C4633161C}.Debug|Any CPU.ActiveCfg = Debug|Any CPU
		{86518ECD-F84F-A108-22C6-122C4633161C}.Debug|Any CPU.Build.0 = Debug|Any CPU
		{86518ECD-F84F-A108-22C6-122C4633161C}.Release|Any CPU.ActiveCfg = Release|Any CPU
		{86518ECD-F84F-A108-22C6-122C4633161C}.Release|Any CPU.Build.0 = Release|Any CPU
		{3CAD33B8-2652-679A-5F39-7AA14323AFAC}.Debug|Any CPU.ActiveCfg = Debug|Any CPU
		{3CAD33B8-2652-679A-5F39-7AA14323AFAC}.Debug|Any CPU.Build.0 = Debug|Any CPU
		{3CAD33B8-2652-679A-5F39-7AA14323AFAC}.Release|Any CPU.ActiveCfg = Release|Any CPU
		{3CAD33B8-2652-679A-5F39-7AA14323AFAC}.Release|Any CPU.Build.0 = Release|Any CPU
		{91F24DCA-D93A-5842-522C-D0D2FCCF65F3}.Debug|Any CPU.ActiveCfg = Debug|Any CPU
		{91F24DCA-D93A-5842-522C-D0D2FCCF65F3}.Debug|Any CPU.Build.0 = Debug|Any CPU
		{91F24DCA-D93A-5842-522C-D0D2FCCF65F3}.Release|Any CPU.ActiveCfg = Release|Any CPU
		{91F24DCA-D93A-5842-522C-D0D2FCCF65F3}.Release|Any CPU.Build.0 = Release|Any CPU
		{195FC3F3-C708-4259-908B-AC632E55A3AB}.Debug|Any CPU.ActiveCfg = Debug|Any CPU
		{195FC3F3-C708-4259-908B-AC632E55A3AB}.Debug|Any CPU.Build.0 = Debug|Any CPU
		{195FC3F3-C708-4259-908B-AC632E55A3AB}.Release|Any CPU.ActiveCfg = Release|Any CPU
		{195FC3F3-C708-4259-908B-AC632E55A3AB}.Release|Any CPU.Build.0 = Release|Any CPU
		{EF77770A-C7B2-E3AA-DFA7-7B7331E05560}.Debug|Any CPU.ActiveCfg = Debug|Any CPU
		{EF77770A-C7B2-E3AA-DFA7-7B7331E05560}.Debug|Any CPU.Build.0 = Debug|Any CPU
		{EF77770A-C7B2-E3AA-DFA7-7B7331E05560}.Release|Any CPU.ActiveCfg = Release|Any CPU
		{EF77770A-C7B2-E3AA-DFA7-7B7331E05560}.Release|Any CPU.Build.0 = Release|Any CPU
		{99235B85-F911-E17E-07D0-2225DE40635E}.Debug|Any CPU.ActiveCfg = Debug|Any CPU
		{99235B85-F911-E17E-07D0-2225DE40635E}.Debug|Any CPU.Build.0 = Debug|Any CPU
		{99235B85-F911-E17E-07D0-2225DE40635E}.Release|Any CPU.ActiveCfg = Release|Any CPU
		{99235B85-F911-E17E-07D0-2225DE40635E}.Release|Any CPU.Build.0 = Release|Any CPU
		{EB6352E2-4A2E-9487-32D7-E76DBF2F18E8}.Debug|Any CPU.ActiveCfg = Debug|Any CPU
		{EB6352E2-4A2E-9487-32D7-E76DBF2F18E8}.Debug|Any CPU.Build.0 = Debug|Any CPU
		{EB6352E2-4A2E-9487-32D7-E76DBF2F18E8}.Release|Any CPU.ActiveCfg = Release|Any CPU
		{EB6352E2-4A2E-9487-32D7-E76DBF2F18E8}.Release|Any CPU.Build.0 = Release|Any CPU
		{ADF6D7A3-AF3F-0062-7053-E7232097FEEF}.Debug|Any CPU.ActiveCfg = Debug|Any CPU
		{ADF6D7A3-AF3F-0062-7053-E7232097FEEF}.Debug|Any CPU.Build.0 = Debug|Any CPU
		{ADF6D7A3-AF3F-0062-7053-E7232097FEEF}.Release|Any CPU.ActiveCfg = Release|Any CPU
		{ADF6D7A3-AF3F-0062-7053-E7232097FEEF}.Release|Any CPU.Build.0 = Release|Any CPU
		{E74BBCB0-355D-A15B-899B-3B8998B73C44}.Debug|Any CPU.ActiveCfg = Debug|Any CPU
		{E74BBCB0-355D-A15B-899B-3B8998B73C44}.Debug|Any CPU.Build.0 = Debug|Any CPU
		{E74BBCB0-355D-A15B-899B-3B8998B73C44}.Release|Any CPU.ActiveCfg = Release|Any CPU
		{E74BBCB0-355D-A15B-899B-3B8998B73C44}.Release|Any CPU.Build.0 = Release|Any CPU
		{C9DB3760-D0CB-D426-EE40-0305218E08BC}.Debug|Any CPU.ActiveCfg = Debug|Any CPU
		{C9DB3760-D0CB-D426-EE40-0305218E08BC}.Debug|Any CPU.Build.0 = Debug|Any CPU
		{C9DB3760-D0CB-D426-EE40-0305218E08BC}.Release|Any CPU.ActiveCfg = Release|Any CPU
		{C9DB3760-D0CB-D426-EE40-0305218E08BC}.Release|Any CPU.Build.0 = Release|Any CPU
		{43D02D6D-0C2C-966F-C2DC-2F10F761232D}.Debug|Any CPU.ActiveCfg = Debug|Any CPU
		{43D02D6D-0C2C-966F-C2DC-2F10F761232D}.Debug|Any CPU.Build.0 = Debug|Any CPU
		{43D02D6D-0C2C-966F-C2DC-2F10F761232D}.Release|Any CPU.ActiveCfg = Release|Any CPU
		{43D02D6D-0C2C-966F-C2DC-2F10F761232D}.Release|Any CPU.Build.0 = Release|Any CPU
		{4B2788B3-0CBE-1F19-4DCA-F307FFB6BD77}.Debug|Any CPU.ActiveCfg = Debug|Any CPU
		{4B2788B3-0CBE-1F19-4DCA-F307FFB6BD77}.Debug|Any CPU.Build.0 = Debug|Any CPU
		{4B2788B3-0CBE-1F19-4DCA-F307FFB6BD77}.Release|Any CPU.ActiveCfg = Release|Any CPU
		{4B2788B3-0CBE-1F19-4DCA-F307FFB6BD77}.Release|Any CPU.Build.0 = Release|Any CPU
		{85375ECE-E3C7-602D-3934-CF520671D191}.Debug|Any CPU.ActiveCfg = Debug|Any CPU
		{85375ECE-E3C7-602D-3934-CF520671D191}.Debug|Any CPU.Build.0 = Debug|Any CPU
		{85375ECE-E3C7-602D-3934-CF520671D191}.Release|Any CPU.ActiveCfg = Release|Any CPU
		{85375ECE-E3C7-602D-3934-CF520671D191}.Release|Any CPU.Build.0 = Release|Any CPU
		{85F742F9-AAE3-8C1D-DBC5-E5DFB6C45075}.Debug|Any CPU.ActiveCfg = Debug|Any CPU
		{85F742F9-AAE3-8C1D-DBC5-E5DFB6C45075}.Debug|Any CPU.Build.0 = Debug|Any CPU
		{85F742F9-AAE3-8C1D-DBC5-E5DFB6C45075}.Release|Any CPU.ActiveCfg = Release|Any CPU
		{85F742F9-AAE3-8C1D-DBC5-E5DFB6C45075}.Release|Any CPU.Build.0 = Release|Any CPU
		{A6513AB1-0ED3-2648-4732-DF540CEBADA0}.Debug|Any CPU.ActiveCfg = Debug|Any CPU
		{A6513AB1-0ED3-2648-4732-DF540CEBADA0}.Debug|Any CPU.Build.0 = Debug|Any CPU
		{A6513AB1-0ED3-2648-4732-DF540CEBADA0}.Release|Any CPU.ActiveCfg = Release|Any CPU
		{A6513AB1-0ED3-2648-4732-DF540CEBADA0}.Release|Any CPU.Build.0 = Release|Any CPU
		{C9EA0B39-653D-1666-1FFB-03F7A42FA1B6}.Debug|Any CPU.ActiveCfg = Debug|Any CPU
		{C9EA0B39-653D-1666-1FFB-03F7A42FA1B6}.Debug|Any CPU.Build.0 = Debug|Any CPU
		{C9EA0B39-653D-1666-1FFB-03F7A42FA1B6}.Release|Any CPU.ActiveCfg = Release|Any CPU
		{C9EA0B39-653D-1666-1FFB-03F7A42FA1B6}.Release|Any CPU.Build.0 = Release|Any CPU
		{0578E8F1-8B0B-8548-52C7-718F05D187A8}.Debug|Any CPU.ActiveCfg = Debug|Any CPU
		{0578E8F1-8B0B-8548-52C7-718F05D187A8}.Debug|Any CPU.Build.0 = Debug|Any CPU
		{0578E8F1-8B0B-8548-52C7-718F05D187A8}.Release|Any CPU.ActiveCfg = Release|Any CPU
		{0578E8F1-8B0B-8548-52C7-718F05D187A8}.Release|Any CPU.Build.0 = Release|Any CPU
	EndGlobalSection
	GlobalSection(SolutionProperties) = preSolution
		HideSolutionNode = FALSE
	EndGlobalSection
	GlobalSection(NestedProjects) = preSolution
		{FDD14214-370D-64A1-F1A1-70949F7BB095} = {BA482372-2F82-4E0F-B754-1896BB13EC98}
		{A5AF35CE-3456-1D14-6B38-1FE977A27C72} = {BA482372-2F82-4E0F-B754-1896BB13EC98}
		{4185D283-CDEA-11CA-2707-E435947ABD72} = {A8722C01-2956-4313-AFBD-490CAEF8F175}
		{56AD61FF-9CE9-7739-1E91-69E0249D899C} = {BA482372-2F82-4E0F-B754-1896BB13EC98}
		{FAE65D89-597E-7AAB-3EED-EC947EC900BF} = {A8722C01-2956-4313-AFBD-490CAEF8F175}
		{0841B6EC-63C1-7AFD-1B60-BEA96F276893} = {A8722C01-2956-4313-AFBD-490CAEF8F175}
		{57BFFBB6-C0DA-7AFA-AB8B-4E519C2B5EF9} = {A8722C01-2956-4313-AFBD-490CAEF8F175}
		{1F137DA2-8FDB-2D0D-10A1-21AA846B7205} = {BA482372-2F82-4E0F-B754-1896BB13EC98}
		{D80D38AB-788A-7589-FC0A-A24871D94106} = {02EA681E-C7D8-13C7-8484-4AC65E1B71E8}
		{5A49FA5B-163B-26DD-7E10-74A754D05BF2} = {B226AECC-F132-45DE-91BA-0F4D8BD3989A}
		{0F0CF377-C96C-1797-6C5C-2CFF7144AD34} = {91E5E8D3-B59D-4E4F-AC51-7799EE7AC412}
		{6F3F43A8-CEDC-1DCC-EEF0-D5D710F8800A} = {1EF7951A-DC58-4022-A175-020B8D2C1978}
		{B04E5965-81D3-F02F-8F69-EC81574916FD} = {1EF7951A-DC58-4022-A175-020B8D2C1978}
		{86518ECD-F84F-A108-22C6-122C4633161C} = {ADD39EE9-7B67-4AF2-9BC1-4094B4A87EA9}
		{3CAD33B8-2652-679A-5F39-7AA14323AFAC} = {ADD39EE9-7B67-4AF2-9BC1-4094B4A87EA9}
		{91F24DCA-D93A-5842-522C-D0D2FCCF65F3} = {91E5E8D3-B59D-4E4F-AC51-7799EE7AC412}
		{195FC3F3-C708-4259-908B-AC632E55A3AB} = {91E5E8D3-B59D-4E4F-AC51-7799EE7AC412}
		{EF77770A-C7B2-E3AA-DFA7-7B7331E05560} = {91E5E8D3-B59D-4E4F-AC51-7799EE7AC412}
		{99235B85-F911-E17E-07D0-2225DE40635E} = {91E5E8D3-B59D-4E4F-AC51-7799EE7AC412}
		{EB6352E2-4A2E-9487-32D7-E76DBF2F18E8} = {91E5E8D3-B59D-4E4F-AC51-7799EE7AC412}
		{ADF6D7A3-AF3F-0062-7053-E7232097FEEF} = {91E5E8D3-B59D-4E4F-AC51-7799EE7AC412}
		{E74BBCB0-355D-A15B-899B-3B8998B73C44} = {91E5E8D3-B59D-4E4F-AC51-7799EE7AC412}
		{C9DB3760-D0CB-D426-EE40-0305218E08BC} = {91E5E8D3-B59D-4E4F-AC51-7799EE7AC412}
		{43D02D6D-0C2C-966F-C2DC-2F10F761232D} = {91E5E8D3-B59D-4E4F-AC51-7799EE7AC412}
		{4B2788B3-0CBE-1F19-4DCA-F307FFB6BD77} = {91E5E8D3-B59D-4E4F-AC51-7799EE7AC412}
		{85375ECE-E3C7-602D-3934-CF520671D191} = {B226AECC-F132-45DE-91BA-0F4D8BD3989A}
		{85F742F9-AAE3-8C1D-DBC5-E5DFB6C45075} = {7970C7EF-0F1F-424F-B445-DA38D3209976}
		{A6513AB1-0ED3-2648-4732-DF540CEBADA0} = {7970C7EF-0F1F-424F-B445-DA38D3209976}
		{C9EA0B39-653D-1666-1FFB-03F7A42FA1B6} = {B226AECC-F132-45DE-91BA-0F4D8BD3989A}
		{0578E8F1-8B0B-8548-52C7-718F05D187A8} = {B226AECC-F132-45DE-91BA-0F4D8BD3989A}
	EndGlobalSection
	GlobalSection(ExtensibilityGlobals) = postSolution
		SolutionGuid = {A9F1BB93-CFBC-4E41-A865-325B22465054}
	EndGlobalSection
EndGlobal
