
Microsoft Visual Studio Solution File, Format Version 12.00
# Visual Studio 15
Project("{FAE04EC0-301F-11D3-BF4B-00C04F79EFBC}") = "Assembly-CSharp-Editor", "Assembly-CSharp-Editor.csproj", "{8B131425-0EE0-6538-4E33-D4BC85387388}"
EndProject
Project("{FAE04EC0-301F-11D3-BF4B-00C04F79EFBC}") = "Assembly-CSharp", "Assembly-CSharp.csproj", "{294F0949-E8B3-00F1-A859-871AEDE43D70}"
EndProject
Global
	GlobalSection(SolutionConfigurationPlatforms) = preSolution
		Debug|Any CPU = Debug|Any CPU
		Release|Any CPU = Release|Any CPU
	EndGlobalSection
	GlobalSection(ProjectConfigurationPlatforms) = postSolution
		{8B131425-0EE0-6538-4E33-D4BC85387388}.Debug|Any CPU.ActiveCfg = Debug|Any CPU
		{8B131425-0EE0-6538-4E33-D4BC85387388}.Debug|Any CPU.Build.0 = Debug|Any CPU
		{8B131425-0EE0-6538-4E33-D4BC85387388}.Release|Any CPU.ActiveCfg = Release|Any CPU
		{8B131425-0EE0-6538-4E33-D4BC85387388}.Release|Any CPU.Build.0 = Release|Any CPU
		{294F0949-E8B3-00F1-A859-871AEDE43D70}.Debug|Any CPU.ActiveCfg = Debug|Any CPU
		{294F0949-E8B3-00F1-A859-871AEDE43D70}.Debug|Any CPU.Build.0 = Debug|Any CPU
		{294F0949-E8B3-00F1-A859-871AEDE43D70}.Release|Any CPU.ActiveCfg = Release|Any CPU
		{294F0949-E8B3-00F1-A859-871AEDE43D70}.Release|Any CPU.Build.0 = Release|Any CPU
	EndGlobalSection
	GlobalSection(SolutionProperties) = preSolution
		HideSolutionNode = FALSE
	EndGlobalSection
EndGlobal
